
Microsoft Visual Studio Solution File, Format Version 12.00
# Visual Studio Version 17
VisualStudioVersion = 17.0.31903.59
MinimumVisualStudioVersion = 10.0.40219.1
Project("{9A19103F-16F7-4668-BE54-9A1E7A4F7556}") = "QuoteGenerator", "QuoteGenerator\QuoteGenerator.csproj", "{3BA30CFC-3CBC-4729-AA08-1516E2888605}"
EndProject
Project("{9A19103F-16F7-4668-BE54-9A1E7A4F7556}") = "DatabaseGenerator", "DatabaseGenerator\DatabaseGenerator.csproj", "{7CC38335-913B-4108-8742-89492DD82BE7}"
EndProject
Project("{FAE04EC0-301F-11D3-BF4B-00C04F79EFBC}") = "QuoteHub", "QuoteHub\QuoteHub.csproj", "{AA5C86E5-2380-450A-936F-66AAF4FB28E1}"
EndProject
Project("{FAE04EC0-301F-11D3-BF4B-00C04F79EFBC}") = "PriceQuotes.Common", "PriceQuotes.Common\PriceQuotes.Common.csproj", "{0B03DD8C-11AF-4FC9-90A4-2B6145C87892}"
EndProject
Global
	GlobalSection(SolutionConfigurationPlatforms) = preSolution
		Debug|Any CPU = Debug|Any CPU
		Release|Any CPU = Release|Any CPU
	EndGlobalSection
	GlobalSection(ProjectConfigurationPlatforms) = postSolution
		{3BA30CFC-3CBC-4729-AA08-1516E2888605}.Debug|Any CPU.ActiveCfg = Debug|Any CPU
		{3BA30CFC-3CBC-4729-AA08-1516E2888605}.Debug|Any CPU.Build.0 = Debug|Any CPU
		{3BA30CFC-3CBC-4729-AA08-1516E2888605}.Release|Any CPU.ActiveCfg = Release|Any CPU
		{3BA30CFC-3CBC-4729-AA08-1516E2888605}.Release|Any CPU.Build.0 = Release|Any CPU
		{7CC38335-913B-4108-8742-89492DD82BE7}.Debug|Any CPU.ActiveCfg = Debug|Any CPU
		{7CC38335-913B-4108-8742-89492DD82BE7}.Debug|Any CPU.Build.0 = Debug|Any CPU
		{7CC38335-913B-4108-8742-89492DD82BE7}.Release|Any CPU.ActiveCfg = Release|Any CPU
		{7CC38335-913B-4108-8742-89492DD82BE7}.Release|Any CPU.Build.0 = Release|Any CPU
		{AA5C86E5-2380-450A-936F-66AAF4FB28E1}.Debug|Any CPU.ActiveCfg = Debug|Any CPU
		{AA5C86E5-2380-450A-936F-66AAF4FB28E1}.Debug|Any CPU.Build.0 = Debug|Any CPU
		{AA5C86E5-2380-450A-936F-66AAF4FB28E1}.Release|Any CPU.ActiveCfg = Release|Any CPU
		{AA5C86E5-2380-450A-936F-66AAF4FB28E1}.Release|Any CPU.Build.0 = Release|Any CPU
		{0B03DD8C-11AF-4FC9-90A4-2B6145C87892}.Debug|Any CPU.ActiveCfg = Debug|Any CPU
		{0B03DD8C-11AF-4FC9-90A4-2B6145C87892}.Debug|Any CPU.Build.0 = Debug|Any CPU
		{0B03DD8C-11AF-4FC9-90A4-2B6145C87892}.Release|Any CPU.ActiveCfg = Release|Any CPU
		{0B03DD8C-11AF-4FC9-90A4-2B6145C87892}.Release|Any CPU.Build.0 = Release|Any CPU
	EndGlobalSection
	GlobalSection(SolutionProperties) = preSolution
		HideSolutionNode = FALSE
	EndGlobalSection
	GlobalSection(ExtensibilityGlobals) = postSolution
		SolutionGuid = {A7A491AF-C95F-4BCD-8903-8599F73BE910}
	EndGlobalSection
EndGlobal
